# THIS IS AN AUTOGENERATED FILE. DO NOT EDIT THIS FILE DIRECTLY.
# yarn lockfile v1


"@babel/helper-validator-identifier@^7.16.7":
  "integrity" "sha512-hsEnFemeiW4D08A5gUAZxLBTXpZ39P+a+DGDsHw1yxqyQ/jzFEnxf5uTEGp+3bzAbNOxU1paTgYS4ECU/IgfDw=="
  "resolved" "https://registry.npmmirror.com/@babel/helper-validator-identifier/-/helper-validator-identifier-7.16.7.tgz"
  "version" "7.16.7"

"@babel/parser@^7.6.0", "@babel/parser@^7.9.6":
  "integrity" "sha512-BoHhDJrJXqcg+ZL16Xv39H9n+AqJ4pcDrQBGZN+wHxIysrLZ3/ECwCBUch/1zUNhnsXULcONU3Ei5Hmkfk6kiQ=="
  "resolved" "https://registry.npmmirror.com/@babel/parser/-/parser-7.17.8.tgz"
  "version" "7.17.8"

"@babel/types@^7.6.1", "@babel/types@^7.9.6":
  "integrity" "sha512-TmKSNO4D5rzhL5bjWFcVHHLETzfQ/AmbKpKPOSjlP0WoHZ6L911fgoOKY4Alp/emzG4cHJdyN49zpgkbXFEHHw=="
  "resolved" "https://registry.npmmirror.com/@babel/types/-/types-7.17.0.tgz"
  "version" "7.17.0"
  dependencies:
    "@babel/helper-validator-identifier" "^7.16.7"
    "to-fast-properties" "^2.0.0"

"@koa/cors@^3.1.0":
  "integrity" "sha512-bMjKGAJW2lg2jm7StqedeL/TMra0zl5VMtRyzl+WKbopj3AZEvy+FE8zeWvl1x3pofuU4a7ICuwIK/nr5/PEHg=="
  "resolved" "https://registry.npmmirror.com/@koa/cors/-/cors-3.2.0.tgz"
  "version" "3.2.0"
  dependencies:
    "vary" "^1.1.2"

"@prisma/client@^3.13.0":
  "integrity" "sha512-lnEA2tTyVbO5mS1ehmHJQKBDiKB8shaR6s3azwj3Azfi5XHIfnqmkolLCvUeFYnkDCNVzGXJpUgKwQt/UOOYVQ=="
  "resolved" "https://registry.npmmirror.com/@prisma/client/-/client-3.13.0.tgz"
  "version" "3.13.0"
  dependencies:
    "@prisma/engines-version" "3.13.0-17.efdf9b1183dddfd4258cd181a72125755215ab7b"

"@prisma/engines-version@3.13.0-17.efdf9b1183dddfd4258cd181a72125755215ab7b":
  "integrity" "sha512-TGp9rvgJIKo8NgvAHSwOosbut9mTA7VC6/rpQI9gh+ySSRjdQFhbGyNUiOcQrlI9Ob2DWeO7y4HEnhdKxYiECg=="
  "resolved" "https://registry.npmmirror.com/@prisma/engines-version/-/engines-version-3.13.0-17.efdf9b1183dddfd4258cd181a72125755215ab7b.tgz"
  "version" "3.13.0-17.efdf9b1183dddfd4258cd181a72125755215ab7b"

"@prisma/engines@3.13.0-17.efdf9b1183dddfd4258cd181a72125755215ab7b":
  "integrity" "sha512-Ip9CcCeUocH61eXu4BUGpvl5KleQyhcUVLpWCv+0ZmDv44bFaDpREqjGHHdRupvPN/ugB6gTlD9b9ewdj02yVA=="
  "resolved" "https://registry.npmmirror.com/@prisma/engines/-/engines-3.13.0-17.efdf9b1183dddfd4258cd181a72125755215ab7b.tgz"
  "version" "3.13.0-17.efdf9b1183dddfd4258cd181a72125755215ab7b"

"@sindresorhus/is@^0.14.0":
  "integrity" "sha512-9NET910DNaIPngYnLLPeg+Ogzqsi9uM4mSboU5y6p8S5DzMTVEsJZrawi+BoDNUVBa2DhJqQYUFvMDfgU062LQ=="
  "resolved" "https://registry.npmmirror.com/@sindresorhus/is/-/is-0.14.0.tgz"
  "version" "0.14.0"

"@szmarczak/http-timer@^1.1.2":
  "integrity" "sha512-XIB2XbzHTN6ieIjfIMV9hlVcfPU26s2vafYWQcZHWXHOxiaRZYEDKEwdl129Zyg50+foYV2jCgtrqSA6qNuNSA=="
  "resolved" "https://registry.npmmirror.com/@szmarczak/http-timer/-/http-timer-1.1.2.tgz"
  "version" "1.1.2"
  dependencies:
    "defer-to-connect" "^1.0.1"

"@types/formidable@^1.0.31":
  "integrity" "sha512-zu3mQJa4hDNubEMViSj937602XdDGzK7Q5pJ5QmLUbNxclbo9tZGt5jtwM352ssZ+pqo5V4H14TBvT/ALqQQcA=="
  "resolved" "https://registry.npmmirror.com/@types/formidable/-/formidable-1.2.5.tgz"
  "version" "1.2.5"
  dependencies:
    "@types/node" "*"

"@types/node@*":
  "integrity" "sha512-UxDxWn7dl97rKVeVS61vErvw086aCYhDLyvRQZ5Rk65rZKepaFdm53GeqXaKBuOhED4e9uWq34IC3TdSdJJ2Gw=="
  "resolved" "https://registry.npmmirror.com/@types/node/-/node-17.0.23.tgz"
  "version" "17.0.23"

"@types/node@^14.14.20":
  "integrity" "sha512-q4jlIR71hUpWTnGhXWcakgkZeHa3CCjcQcnuzU8M891BAWA2jHiziiWEPEkdS5pFsz7H9HJiy8BrK7tBRNrY7A=="
  "resolved" "https://registry.npmmirror.com/@types/node/-/node-14.18.12.tgz"
  "version" "14.18.12"

"abbrev@1":
  "integrity" "sha512-nne9/IiQ/hzIhY6pdDnbBtz7DjPTKrY00P/zvPSm5pOFkl6xuGrGnXn/VtTNNfNtAfZ9/1RtehkszU9qcTii0Q=="
  "resolved" "https://registry.npmmirror.com/abbrev/-/abbrev-1.1.1.tgz"
  "version" "1.1.1"

"accepts@^1.3.5":
  "integrity" "sha512-PYAthTa2m2VKxuvSD3DPC/Gy+U+sOA1LAuT8mkmRuvw+NACSaeXEQ+NHcVF7rONl6qcaxV3Uuemwawk+7+SJLw=="
  "resolved" "https://registry.npmmirror.com/accepts/-/accepts-1.3.8.tgz"
  "version" "1.3.8"
  dependencies:
    "mime-types" "~2.1.34"
    "negotiator" "0.6.3"

"acorn@^7.1.1":
  "integrity" "sha512-nQyp0o1/mNdbTO1PO6kHkwSrmgZ0MT/jCCpNiwbUjGoRN4dlBhqJtoQuCnEOKzgTVwg0ZWiCoQy6SxMebQVh8A=="
  "resolved" "https://registry.npmmirror.com/acorn/-/acorn-7.4.1.tgz"
  "version" "7.4.1"

"ajv-formats@^1.5.1":
  "integrity" "sha512-4CjkH20If1lhR5CGtqkrVg3bbOtFEG80X9v6jDOIUhbzzbB+UzPBGy8GQhUNVZ0yvMHdMpawCOcy5ydGMsagGQ=="
  "resolved" "https://registry.npmmirror.com/ajv-formats/-/ajv-formats-1.6.1.tgz"
  "version" "1.6.1"
  dependencies:
    "ajv" "^7.0.0"

"ajv@^6.12.3":
  "integrity" "sha512-j3fVLgvTo527anyYyJOGTYJbG+vnnQYvE0m5mmkc1TK+nxAppkCLMIL0aZ4dblVCNoGShhm+kzE4ZUykBoMg4g=="
  "resolved" "https://registry.npmmirror.com/ajv/-/ajv-6.12.6.tgz"
  "version" "6.12.6"
  dependencies:
    "fast-deep-equal" "^3.1.1"
    "fast-json-stable-stringify" "^2.0.0"
    "json-schema-traverse" "^0.4.1"
    "uri-js" "^4.2.2"

"ajv@^7.0.0", "ajv@^7.0.3":
  "integrity" "sha512-nBeQgg/ZZA3u3SYxyaDvpvDtgZ/EZPF547ARgZBrG9Bhu1vKDwAIjtIf+sDtJUKa2zOcEbmRLBRSyMraS/Oy1A=="
  "resolved" "https://registry.npmmirror.com/ajv/-/ajv-7.2.4.tgz"
  "version" "7.2.4"
  dependencies:
    "fast-deep-equal" "^3.1.1"
    "json-schema-traverse" "^1.0.0"
    "require-from-string" "^2.0.2"
    "uri-js" "^4.2.2"

"ansi-align@^3.0.0":
  "integrity" "sha512-IOfwwBF5iczOjp/WeY4YxyjqAFMQoZufdQWDd19SEExbVLNXqvpzSJ/M7Za4/sCPmQ0+GRquoA7bGcINcxew6w=="
  "resolved" "https://registry.npmmirror.com/ansi-align/-/ansi-align-3.0.1.tgz"
  "version" "3.0.1"
  dependencies:
    "string-width" "^4.1.0"

"ansi-regex@^5.0.1":
  "integrity" "sha512-quJQXlTSUGL2LH9SUXo8VwsY4soanhgo6LNSm84E1LBcE8s3O0wpdiRzyR9z/ZZJMlMWv37qOOb9pdJlMUEKFQ=="
  "resolved" "https://registry.npmmirror.com/ansi-regex/-/ansi-regex-5.0.1.tgz"
  "version" "5.0.1"

"ansi-styles@^3.2.1":
  "integrity" "sha512-VT0ZI6kZRdTh8YyJw3SMbYm/u+NqfsAxEpWO0Pf9sq8/e94WxxOpPKx9FR1FlyCtOVDNOQ+8ntlqFxiRc+r5qA=="
  "resolved" "https://registry.npmmirror.com/ansi-styles/-/ansi-styles-3.2.1.tgz"
  "version" "3.2.1"
  dependencies:
    "color-convert" "^1.9.0"

"ansi-styles@^4.0.0", "ansi-styles@^4.1.0":
  "integrity" "sha512-zbB9rCJAT1rbjiVDb2hqKFHNYLxgtk8NURxZ3IZwD3F6NtxbXZQCnnSi1Lkx+IDohdPlFp222wVALIheZJQSEg=="
  "resolved" "https://registry.npmmirror.com/ansi-styles/-/ansi-styles-4.3.0.tgz"
  "version" "4.3.0"
  dependencies:
    "color-convert" "^2.0.1"

"any-promise@^1.0.0":
  "integrity" "sha512-7UvmKalWRt1wgjL1RrGxoSJW/0QZFIegpeGvZG9kjp8vrRu55XTHbwnqq2GpXm9uLbcuhxm3IqX9OB4MZR1b2A=="
  "resolved" "https://registry.npmmirror.com/any-promise/-/any-promise-1.3.0.tgz"
  "version" "1.3.0"

"anymatch@~3.1.2":
  "integrity" "sha512-P43ePfOAIupkguHUycrc4qJ9kz8ZiuOUijaETwX7THt0Y/GNK7v0aa8rY816xWjZ7rJdA5XdMcpVFTKMq+RvWg=="
  "resolved" "https://registry.npmmirror.com/anymatch/-/anymatch-3.1.2.tgz"
  "version" "3.1.2"
  dependencies:
    "normalize-path" "^3.0.0"
    "picomatch" "^2.0.4"

"asap@~2.0.3":
  "integrity" "sha512-BSHWgDSAiKs50o2Re8ppvp3seVHXSRM44cdSsT9FfNEUUZLOGWVCsiWaRPWM1Znn+mqZ1OfVZ3z3DWEzSp7hRA=="
  "resolved" "https://registry.npmmirror.com/asap/-/asap-2.0.6.tgz"
  "version" "2.0.6"

"asn1@~0.2.3":
  "integrity" "sha512-ix/FxPn0MDjeyJ7i/yoHGFt/EX6LyNbxSEhPPXODPL+KB0VPk86UYfL0lMdy+KCnv+fmvIzySwaK5COwqVbWTQ=="
  "resolved" "https://registry.npmmirror.com/asn1/-/asn1-0.2.6.tgz"
  "version" "0.2.6"
  dependencies:
    "safer-buffer" "~2.1.0"

"assert-never@^1.2.1":
  "version" "1.2.1"

"assert-plus@^1.0.0", "assert-plus@1.0.0":
  "version" "1.0.0"

"asynckit@^0.4.0":
  "version" "0.4.0"

"atomically@^1.7.0":
  "version" "1.7.0"

"aws-sign2@~0.7.0":
  "version" "0.7.0"

"aws4@^1.8.0":
  "version" "1.11.0"

"babel-walk@3.0.0-canary-5":
  "version" "3.0.0-canary-5"
  dependencies:
    "@babel/types" "^7.9.6"

"balanced-match@^1.0.0":
  "version" "1.0.2"

"base64-js@^1.3.1":
  "version" "1.5.1"

"bcrypt-pbkdf@^1.0.0":
  "version" "1.0.2"
  dependencies:
    "tweetnacl" "^0.14.3"

"binary-extensions@^2.0.0":
  "version" "2.2.0"

"bluebird@^3.1.1":
  "version" "3.7.2"

"boxen@^5.0.0":
  "version" "5.1.2"
  dependencies:
    "ansi-align" "^3.0.0"
    "camelcase" "^6.2.0"
    "chalk" "^4.1.0"
    "cli-boxes" "^2.2.1"
    "string-width" "^4.2.2"
    "type-fest" "^0.20.2"
    "widest-line" "^3.1.0"
    "wrap-ansi" "^7.0.0"

"brace-expansion@^1.1.7":
  "version" "1.1.11"
  dependencies:
    "balanced-match" "^1.0.0"
    "concat-map" "0.0.1"

"braces@~3.0.2":
  "version" "3.0.2"
  dependencies:
    "fill-range" "^7.0.1"

"buffer-equal-constant-time@1.0.1":
  "version" "1.0.1"

"buffer-writer@2.0.0":
  "version" "2.0.0"

"buffer@^5.1.0":
  "version" "5.7.1"
  dependencies:
    "base64-js" "^1.3.1"
    "ieee754" "^1.1.13"

"bytes@^3.1.0", "bytes@3.1.2":
  "version" "3.1.2"

"cache-content-type@^1.0.0":
  "version" "1.0.1"
  dependencies:
    "mime-types" "^2.1.18"
    "ylru" "^1.2.0"

"cacheable-request@^6.0.0":
  "version" "6.1.0"
  dependencies:
    "clone-response" "^1.0.2"
    "get-stream" "^5.1.0"
    "http-cache-semantics" "^4.0.0"
    "keyv" "^3.0.0"
    "lowercase-keys" "^2.0.0"
    "normalize-url" "^4.1.0"
    "responselike" "^1.0.2"

"call-bind@^1.0.0", "call-bind@^1.0.2":
  "version" "1.0.2"
  dependencies:
    "function-bind" "^1.1.1"
    "get-intrinsic" "^1.0.2"

"camelcase@^6.2.0":
  "version" "6.3.0"

"caseless@~0.12.0":
  "version" "0.12.0"

"chalk@^2.4.2":
  "version" "2.4.2"
  dependencies:
    "ansi-styles" "^3.2.1"
    "escape-string-regexp" "^1.0.5"
    "supports-color" "^5.3.0"

"chalk@^4.1.0":
  "version" "4.1.2"
  dependencies:
    "ansi-styles" "^4.1.0"
    "supports-color" "^7.1.0"

"character-parser@^2.2.0":
  "version" "2.2.0"
  dependencies:
    "is-regex" "^1.0.3"

"chokidar@^3.5.2":
  "version" "3.5.3"
  dependencies:
    "anymatch" "~3.1.2"
    "braces" "~3.0.2"
    "glob-parent" "~5.1.2"
    "is-binary-path" "~2.1.0"
    "is-glob" "~4.0.1"
    "normalize-path" "~3.0.0"
    "readdirp" "~3.6.0"
  optionalDependencies:
    "fsevents" "~2.3.2"

"ci-info@^2.0.0":
  "version" "2.0.0"

"cli-boxes@^2.2.1":
  "version" "2.2.1"

"clone-response@^1.0.2":
  "version" "1.0.2"
  dependencies:
    "mimic-response" "^1.0.0"

"cluster-key-slot@^1.1.0":
  "version" "1.1.0"

"co-body@^5.1.1":
  "version" "5.2.0"
  dependencies:
    "inflation" "^2.0.0"
    "qs" "^6.4.0"
    "raw-body" "^2.2.0"
    "type-is" "^1.6.14"

"co@^4.6.0":
  "version" "4.6.0"

"color-convert@^1.9.0":
  "version" "1.9.3"
  dependencies:
    "color-name" "1.1.3"

"color-convert@^2.0.1":
  "version" "2.0.1"
  dependencies:
    "color-name" "~1.1.4"

"color-name@~1.1.4":
  "version" "1.1.4"

"color-name@1.1.3":
  "version" "1.1.3"

"combined-stream@^1.0.6", "combined-stream@~1.0.6":
  "version" "1.0.8"
  dependencies:
    "delayed-stream" "~1.0.0"

"commander@^2.19.0":
  "version" "2.20.3"

"concat-map@0.0.1":
  "version" "0.0.1"

"condense-newlines@^0.2.1":
  "version" "0.2.1"
  dependencies:
    "extend-shallow" "^2.0.1"
    "is-whitespace" "^0.3.0"
    "kind-of" "^3.0.2"

"conf@^9.0.0":
  "version" "9.0.2"
  dependencies:
    "ajv" "^7.0.3"
    "ajv-formats" "^1.5.1"
    "atomically" "^1.7.0"
    "debounce-fn" "^4.0.0"
    "dot-prop" "^6.0.1"
    "env-paths" "^2.2.0"
    "json-schema-typed" "^7.0.3"
    "make-dir" "^3.1.0"
    "onetime" "^5.1.2"
    "pkg-up" "^3.1.0"
    "semver" "^7.3.4"

"config-chain@^1.1.12":
  "version" "1.1.13"
  dependencies:
    "ini" "^1.3.4"
    "proto-list" "~1.2.1"

"configstore@^5.0.1":
  "version" "5.0.1"
  dependencies:
    "dot-prop" "^5.2.0"
    "graceful-fs" "^4.1.2"
    "make-dir" "^3.0.0"
    "unique-string" "^2.0.0"
    "write-file-atomic" "^3.0.0"
    "xdg-basedir" "^4.0.0"

"consolidate@0.15.1":
  "version" "0.15.1"
  dependencies:
    "bluebird" "^3.1.1"

"constantinople@^4.0.1":
  "version" "4.0.1"
  dependencies:
    "@babel/parser" "^7.6.0"
    "@babel/types" "^7.6.1"

"content-disposition@~0.5.2":
  "version" "0.5.4"
  dependencies:
    "safe-buffer" "5.2.1"

"content-type@^1.0.4":
  "version" "1.0.4"

"cookies@~0.8.0":
  "version" "0.8.0"
  dependencies:
    "depd" "~2.0.0"
    "keygrip" "~1.1.0"

"core-util-is@^1.0.2":
  "version" "1.0.3"

"core-util-is@1.0.2":
  "version" "1.0.2"

"cos-nodejs-sdk-v5@^2.8.2":
  "version" "2.11.6"
  dependencies:
    "@types/node" "^14.14.20"
    "conf" "^9.0.0"
    "mime-types" "^2.1.24"
    "request" "^2.88.2"
    "xml2js" "^0.4.19"

"crc@^3.4.4":
  "version" "3.8.0"
  dependencies:
    "buffer" "^5.1.0"

"cross-env@^7.0.3":
  "version" "7.0.3"
  dependencies:
    "cross-spawn" "^7.0.1"

"cross-spawn@^7.0.1":
  "version" "7.0.3"
  dependencies:
    "path-key" "^3.1.0"
    "shebang-command" "^2.0.0"
    "which" "^2.0.1"

"crypto-random-string@^2.0.0":
  "version" "2.0.0"

"dashdash@^1.12.0":
  "version" "1.14.1"
  dependencies:
    "assert-plus" "^1.0.0"

"debounce-fn@^4.0.0":
  "version" "4.0.0"
  dependencies:
    "mimic-fn" "^3.0.0"

"debug@^3.1.0":
  "version" "3.2.7"
  dependencies:
    "ms" "^2.1.1"

"debug@^3.2.7":
  "version" "3.2.7"
  dependencies:
    "ms" "^2.1.1"

"debug@^4.1.0", "debug@^4.1.1", "debug@^4.3.1", "debug@^4.3.2":
  "version" "4.3.4"
  dependencies:
    "ms" "2.1.2"

"decompress-response@^3.3.0":
  "version" "3.3.0"
  dependencies:
    "mimic-response" "^1.0.0"

"deep-equal@~1.0.1":
  "version" "1.0.1"

"deep-extend@^0.6.0":
  "version" "0.6.0"

"defer-to-connect@^1.0.1":
  "version" "1.1.3"

"delayed-stream@~1.0.0":
  "version" "1.0.0"

"delegates@^1.0.0":
  "version" "1.0.0"

"denque@^1.1.0":
  "version" "1.5.1"

"depd@^2.0.0", "depd@~2.0.0", "depd@2.0.0":
  "version" "2.0.0"

"depd@~1.1.2":
  "version" "1.1.2"

"destroy@^1.0.4":
  "version" "1.2.0"

"doctypes@^1.1.0":
  "version" "1.1.0"

"dot-prop@^5.2.0":
  "version" "5.3.0"
  dependencies:
    "is-obj" "^2.0.0"

"dot-prop@^6.0.1":
  "version" "6.0.1"
  dependencies:
    "is-obj" "^2.0.0"

"dotenv@^8.2.0":
  "version" "8.6.0"

"duplexer3@^0.1.4":
  "version" "0.1.4"

"ecc-jsbn@~0.1.1":
  "version" "0.1.2"
  dependencies:
    "jsbn" "~0.1.0"
    "safer-buffer" "^2.1.0"

"ecdsa-sig-formatter@1.0.11":
  "version" "1.0.11"
  dependencies:
    "safe-buffer" "^5.0.1"

"editorconfig@^0.15.3":
  "version" "0.15.3"
  dependencies:
    "commander" "^2.19.0"
    "lru-cache" "^4.1.5"
    "semver" "^5.6.0"
    "sigmund" "^1.0.1"

"ee-first@1.1.1":
  "version" "1.1.1"

"emoji-regex@^8.0.0":
  "version" "8.0.0"

"encodeurl@^1.0.2":
  "version" "1.0.2"

"end-of-stream@^1.1.0":
  "version" "1.4.4"
  dependencies:
    "once" "^1.4.0"

"env-paths@^2.2.0":
  "version" "2.2.1"

"escape-goat@^2.0.0":
  "version" "2.1.1"

"escape-html@^1.0.3":
  "version" "1.0.3"

"escape-string-regexp@^1.0.5":
  "version" "1.0.5"

"extend-shallow@^2.0.1":
  "version" "2.0.1"
  dependencies:
    "is-extendable" "^0.1.0"

"extend@~3.0.2":
  "version" "3.0.2"

"extsprintf@^1.2.0":
  "version" "1.4.1"

"extsprintf@1.3.0":
  "version" "1.3.0"

"fast-deep-equal@^3.1.1":
  "version" "3.1.3"

"fast-json-stable-stringify@^2.0.0":
  "version" "2.1.0"

"fill-range@^7.0.1":
  "version" "7.0.1"
  dependencies:
    "to-regex-range" "^5.0.1"

"find-up@^3.0.0":
  "version" "3.0.0"
  dependencies:
    "locate-path" "^3.0.0"

"forever-agent@~0.6.1":
  "version" "0.6.1"

"form-data@~2.3.2":
  "version" "2.3.3"
  dependencies:
    "asynckit" "^0.4.0"
    "combined-stream" "^1.0.6"
    "mime-types" "^2.1.12"

"formidable@^1.1.1":
  "version" "1.2.6"

"fresh@~0.5.2":
  "version" "0.5.2"

"fs.realpath@^1.0.0":
  "version" "1.0.0"

"function-bind@^1.1.1":
  "version" "1.1.1"

"get-intrinsic@^1.0.2":
  "version" "1.1.1"
  dependencies:
    "function-bind" "^1.1.1"
    "has" "^1.0.3"
    "has-symbols" "^1.0.1"

"get-paths@0.0.7":
  "version" "0.0.7"
  dependencies:
    "pify" "^4.0.1"

"get-stream@^4.1.0":
  "version" "4.1.0"
  dependencies:
    "pump" "^3.0.0"

"get-stream@^5.1.0":
  "version" "5.2.0"
  dependencies:
    "pump" "^3.0.0"

"getpass@^0.1.1":
  "version" "0.1.7"
  dependencies:
    "assert-plus" "^1.0.0"

"glob-parent@~5.1.2":
  "version" "5.1.2"
  dependencies:
    "is-glob" "^4.0.1"

"glob@^7.1.3":
  "version" "7.2.0"
  dependencies:
    "fs.realpath" "^1.0.0"
    "inflight" "^1.0.4"
    "inherits" "2"
    "minimatch" "^3.0.4"
    "once" "^1.3.0"
    "path-is-absolute" "^1.0.0"

"global-dirs@^3.0.0":
  "version" "3.0.0"
  dependencies:
    "ini" "2.0.0"

"got@^9.6.0":
  "version" "9.6.0"
  dependencies:
    "@sindresorhus/is" "^0.14.0"
    "@szmarczak/http-timer" "^1.1.2"
    "cacheable-request" "^6.0.0"
    "decompress-response" "^3.3.0"
    "duplexer3" "^0.1.4"
    "get-stream" "^4.1.0"
    "lowercase-keys" "^1.0.1"
    "mimic-response" "^1.0.1"
    "p-cancelable" "^1.0.0"
    "to-readable-stream" "^1.0.0"
    "url-parse-lax" "^3.0.0"

"graceful-fs@^4.1.2":
  "version" "4.2.9"

"har-schema@^2.0.0":
  "version" "2.0.0"

"har-validator@~5.1.3":
  "version" "5.1.5"
  dependencies:
    "ajv" "^6.12.3"
    "har-schema" "^2.0.0"

"has-flag@^3.0.0":
  "version" "3.0.0"

"has-flag@^4.0.0":
  "version" "4.0.0"

"has-symbols@^1.0.1", "has-symbols@^1.0.2":
  "version" "1.0.3"

"has-tostringtag@^1.0.0":
  "version" "1.0.0"
  dependencies:
    "has-symbols" "^1.0.2"

"has-yarn@^2.1.0":
  "version" "2.1.0"

"has@^1.0.3":
  "version" "1.0.3"
  dependencies:
    "function-bind" "^1.1.1"

"http-assert@^1.3.0":
  "version" "1.5.0"
  dependencies:
    "deep-equal" "~1.0.1"
    "http-errors" "~1.8.0"

"http-cache-semantics@^4.0.0":
  "version" "4.1.0"

"http-errors@^1.6.3", "http-errors@^1.7.3", "http-errors@~1.8.0":
  "version" "1.8.1"
  dependencies:
    "depd" "~1.1.2"
    "inherits" "2.0.4"
    "setprototypeof" "1.2.0"
    "statuses" ">= 1.5.0 < 2"
    "toidentifier" "1.0.1"

"http-errors@~1.6.2":
  "version" "1.6.3"
  dependencies:
    "depd" "~1.1.2"
    "inherits" "2.0.3"
    "setprototypeof" "1.1.0"
    "statuses" ">= 1.4.0 < 2"

"http-errors@2.0.0":
  "version" "2.0.0"
  dependencies:
    "depd" "2.0.0"
    "inherits" "2.0.4"
    "setprototypeof" "1.2.0"
    "statuses" "2.0.1"
    "toidentifier" "1.0.1"

"http-signature@~1.2.0":
  "version" "1.2.0"
  dependencies:
    "assert-plus" "^1.0.0"
    "jsprim" "^1.2.2"
    "sshpk" "^1.7.0"

"humanize-number@0.0.2":
  "version" "0.0.2"

"iconv-lite@0.4.24":
  "version" "0.4.24"
  dependencies:
    "safer-buffer" ">= 2.1.2 < 3"

"ieee754@^1.1.13":
  "version" "1.2.1"

"ignore-by-default@^1.0.1":
  "version" "1.0.1"

"import-lazy@^2.1.0":
  "version" "2.1.0"

"imurmurhash@^0.1.4":
  "version" "0.1.4"

"inflation@^2.0.0":
  "version" "2.0.0"

"inflight@^1.0.4":
  "version" "1.0.6"
  dependencies:
    "once" "^1.3.0"
    "wrappy" "1"

"inherits@2.0.3":
  "version" "2.0.3"

"inherits@2", "inherits@2.0.4":
  "version" "2.0.4"

"ini@^1.3.4", "ini@~1.3.0":
  "version" "1.3.8"

"ini@2.0.0":
  "version" "2.0.0"

"ioredis@^4.17.3":
  "version" "4.28.5"
  dependencies:
    "cluster-key-slot" "^1.1.0"
    "debug" "^4.3.1"
    "denque" "^1.1.0"
    "lodash.defaults" "^4.2.0"
    "lodash.flatten" "^4.4.0"
    "lodash.isarguments" "^3.1.0"
    "p-map" "^2.1.0"
    "redis-commands" "1.7.0"
    "redis-errors" "^1.2.0"
    "redis-parser" "^3.0.0"
    "standard-as-callback" "^2.1.0"

"is-binary-path@~2.1.0":
  "version" "2.1.0"
  dependencies:
    "binary-extensions" "^2.0.0"

"is-buffer@^1.1.5":
  "version" "1.1.6"

"is-ci@^2.0.0":
  "version" "2.0.0"
  dependencies:
    "ci-info" "^2.0.0"

"is-class-hotfix@~0.0.6":
  "version" "0.0.6"

"is-core-module@^2.8.1":
  "version" "2.8.1"
  dependencies:
    "has" "^1.0.3"

"is-expression@^4.0.0":
  "version" "4.0.0"
  dependencies:
    "acorn" "^7.1.1"
    "object-assign" "^4.1.1"

"is-extendable@^0.1.0":
  "version" "0.1.1"

"is-extglob@^2.1.1":
  "version" "2.1.1"

"is-fullwidth-code-point@^3.0.0":
  "version" "3.0.0"

"is-generator-function@^1.0.7":
  "version" "1.0.10"
  dependencies:
    "has-tostringtag" "^1.0.0"

"is-glob@^4.0.1", "is-glob@~4.0.1":
  "version" "4.0.3"
  dependencies:
    "is-extglob" "^2.1.1"

"is-installed-globally@^0.4.0":
  "version" "0.4.0"
  dependencies:
    "global-dirs" "^3.0.0"
    "is-path-inside" "^3.0.2"

"is-npm@^5.0.0":
  "version" "5.0.0"

"is-number@^7.0.0":
  "version" "7.0.0"

"is-obj@^2.0.0":
  "version" "2.0.0"

"is-path-inside@^3.0.2":
  "version" "3.0.3"

"is-promise@^2.0.0":
  "version" "2.2.2"

"is-regex@^1.0.3":
  "version" "1.1.4"
  dependencies:
    "call-bind" "^1.0.2"
    "has-tostringtag" "^1.0.0"

"is-type-of@^1.0.0":
  "version" "1.2.1"
  dependencies:
    "core-util-is" "^1.0.2"
    "is-class-hotfix" "~0.0.6"
    "isstream" "~0.1.2"

"is-typedarray@^1.0.0", "is-typedarray@~1.0.0":
  "version" "1.0.0"

"is-whitespace@^0.3.0":
  "version" "0.3.0"

"is-yarn-global@^0.3.0":
  "version" "0.3.0"

"isexe@^2.0.0":
  "version" "2.0.0"

"isstream@~0.1.2":
  "version" "0.1.2"

"js-beautify@^1.6.12":
  "version" "1.14.0"
  dependencies:
    "config-chain" "^1.1.12"
    "editorconfig" "^0.15.3"
    "glob" "^7.1.3"
    "nopt" "^5.0.0"

"js-stringify@^1.0.2":
  "version" "1.0.2"

"jsbn@~0.1.0":
  "version" "0.1.1"

"json-buffer@3.0.0":
  "version" "3.0.0"

"json-schema-traverse@^0.4.1":
  "version" "0.4.1"

"json-schema-traverse@^1.0.0":
  "version" "1.0.0"

"json-schema-typed@^7.0.3":
  "version" "7.0.3"

"json-schema@0.4.0":
  "version" "0.4.0"

"json-stringify-safe@~5.0.1":
  "version" "5.0.1"

"jsonwebtoken@^8.5.1":
  "version" "8.5.1"
  dependencies:
    "jws" "^3.2.2"
    "lodash.includes" "^4.3.0"
    "lodash.isboolean" "^3.0.3"
    "lodash.isinteger" "^4.0.4"
    "lodash.isnumber" "^3.0.3"
    "lodash.isplainobject" "^4.0.6"
    "lodash.isstring" "^4.0.1"
    "lodash.once" "^4.0.0"
    "ms" "^2.1.1"
    "semver" "^5.6.0"

"jsprim@^1.2.2":
  "version" "1.4.2"
  dependencies:
    "assert-plus" "1.0.0"
    "extsprintf" "1.3.0"
    "json-schema" "0.4.0"
    "verror" "1.10.0"

"jstransformer@1.0.0":
  "version" "1.0.0"
  dependencies:
    "is-promise" "^2.0.0"
    "promise" "^7.0.1"

"jwa@^1.4.1":
  "version" "1.4.1"
  dependencies:
    "buffer-equal-constant-time" "1.0.1"
    "ecdsa-sig-formatter" "1.0.11"
    "safe-buffer" "^5.0.1"

"jws@^3.2.2":
  "version" "3.2.2"
  dependencies:
    "jwa" "^1.4.1"
    "safe-buffer" "^5.0.1"

"keygrip@~1.1.0":
  "version" "1.1.0"
  dependencies:
    "tsscmp" "1.0.6"

"keyv@^3.0.0":
  "version" "3.1.0"
  dependencies:
    "json-buffer" "3.0.0"

"kind-of@^3.0.2":
  "version" "3.2.2"
  dependencies:
    "is-buffer" "^1.1.5"

"koa-body@^4.2.0":
  "version" "4.2.0"
  dependencies:
    "@types/formidable" "^1.0.31"
    "co-body" "^5.1.1"
    "formidable" "^1.1.1"

"koa-compose@^4.1.0":
  "version" "4.1.0"

"koa-convert@^2.0.0":
  "version" "2.0.0"
  dependencies:
    "co" "^4.6.0"
    "koa-compose" "^4.1.0"

"koa-logger@^3.2.1":
  "version" "3.2.1"
  dependencies:
    "bytes" "^3.1.0"
    "chalk" "^2.4.2"
    "humanize-number" "0.0.2"
    "passthrough-counter" "^1.0.0"

"koa-onerror@^4.1.0":
  "version" "4.2.0"
  dependencies:
    "escape-html" "^1.0.3"
    "stream-wormhole" "^1.1.0"

"koa-router@^9.0.1":
  "version" "9.4.0"
  dependencies:
    "debug" "^4.1.1"
    "http-errors" "^1.7.3"
    "koa-compose" "^4.1.0"
    "methods" "^1.1.2"
    "path-to-regexp" "^6.1.0"

"koa-send@^5.0.0":
  "version" "5.0.1"
  dependencies:
    "debug" "^4.1.1"
    "http-errors" "^1.7.3"
    "resolve-path" "^1.4.0"

"koa-session@^6.0.0":
  "version" "6.2.0"
  dependencies:
    "crc" "^3.4.4"
    "debug" "^3.1.0"
    "is-type-of" "^1.0.0"
    "uuid" "^3.3.2"

"koa-static@^5.0.0":
  "version" "5.0.0"
  dependencies:
    "debug" "^3.1.0"
    "koa-send" "^5.0.0"

"koa-views@^6.3.1":
  "version" "6.3.1"
  dependencies:
    "consolidate" "0.15.1"
    "debug" "^4.1.0"
    "get-paths" "0.0.7"
    "koa-send" "^5.0.0"
    "mz" "^2.4.0"
    "pretty" "^2.0.0"

"koa@^2.12.0":
  "version" "2.13.4"
  dependencies:
    "accepts" "^1.3.5"
    "cache-content-type" "^1.0.0"
    "content-disposition" "~0.5.2"
    "content-type" "^1.0.4"
    "cookies" "~0.8.0"
    "debug" "^4.3.2"
    "delegates" "^1.0.0"
    "depd" "^2.0.0"
    "destroy" "^1.0.4"
    "encodeurl" "^1.0.2"
    "escape-html" "^1.0.3"
    "fresh" "~0.5.2"
    "http-assert" "^1.3.0"
    "http-errors" "^1.6.3"
    "is-generator-function" "^1.0.7"
    "koa-compose" "^4.1.0"
    "koa-convert" "^2.0.0"
    "on-finished" "^2.3.0"
    "only" "~0.0.2"
    "parseurl" "^1.3.2"
    "statuses" "^1.5.0"
    "type-is" "^1.6.16"
    "vary" "^1.1.2"

"latest-version@^5.1.0":
  "version" "5.1.0"
  dependencies:
    "package-json" "^6.3.0"

"locate-path@^3.0.0":
  "version" "3.0.0"
  dependencies:
    "p-locate" "^3.0.0"
    "path-exists" "^3.0.0"

"lodash.defaults@^4.2.0":
  "version" "4.2.0"

"lodash.flatten@^4.4.0":
  "version" "4.4.0"

"lodash.includes@^4.3.0":
  "version" "4.3.0"

"lodash.isarguments@^3.1.0":
  "version" "3.1.0"

"lodash.isboolean@^3.0.3":
  "version" "3.0.3"

"lodash.isinteger@^4.0.4":
  "version" "4.0.4"

"lodash.isnumber@^3.0.3":
  "version" "3.0.3"

"lodash.isplainobject@^4.0.6":
  "version" "4.0.6"

"lodash.isstring@^4.0.1":
  "version" "4.0.1"

"lodash.once@^4.0.0":
  "version" "4.1.1"

"lowercase-keys@^1.0.0", "lowercase-keys@^1.0.1":
  "version" "1.0.1"

"lowercase-keys@^2.0.0":
  "version" "2.0.0"

"lru-cache@^4.1.5":
  "version" "4.1.5"
  dependencies:
    "pseudomap" "^1.0.2"
    "yallist" "^2.1.2"

"lru-cache@^6.0.0":
  "version" "6.0.0"
  dependencies:
    "yallist" "^4.0.0"

"make-dir@^3.0.0", "make-dir@^3.1.0":
  "version" "3.1.0"
  dependencies:
    "semver" "^6.0.0"

"media-typer@0.3.0":
  "version" "0.3.0"

"methods@^1.1.2":
  "version" "1.1.2"

"mime-db@1.52.0":
  "version" "1.52.0"

"mime-types@^2.1.12", "mime-types@^2.1.18", "mime-types@^2.1.24", "mime-types@~2.1.19", "mime-types@~2.1.24", "mime-types@~2.1.34":
  "version" "2.1.35"
  dependencies:
    "mime-db" "1.52.0"

"mimic-fn@^2.1.0":
  "version" "2.1.0"

"mimic-fn@^3.0.0":
  "version" "3.1.0"

"mimic-response@^1.0.0", "mimic-response@^1.0.1":
  "version" "1.0.1"

"minimatch@^3.0.4":
  "version" "3.1.2"
  dependencies:
    "brace-expansion" "^1.1.7"

"minimist@^1.2.0":
  "version" "1.2.6"

"ms@^2.1.1":
  "version" "2.1.3"

"ms@2.1.2":
  "version" "2.1.2"

"mz@^2.4.0":
  "version" "2.7.0"
  dependencies:
    "any-promise" "^1.0.0"
    "object-assign" "^4.0.1"
    "thenify-all" "^1.0.0"

"negotiator@0.6.3":
  "version" "0.6.3"

"nodemon@^2.0.15":
  "version" "2.0.15"
  dependencies:
    "chokidar" "^3.5.2"
    "debug" "^3.2.7"
    "ignore-by-default" "^1.0.1"
    "minimatch" "^3.0.4"
    "pstree.remy" "^1.1.8"
    "semver" "^5.7.1"
    "supports-color" "^5.5.0"
    "touch" "^3.1.0"
    "undefsafe" "^2.0.5"
    "update-notifier" "^5.1.0"

"nopt@^5.0.0":
  "version" "5.0.0"
  dependencies:
    "abbrev" "1"

"nopt@~1.0.10":
  "version" "1.0.10"
  dependencies:
    "abbrev" "1"

"normalize-path@^3.0.0", "normalize-path@~3.0.0":
  "version" "3.0.0"

"normalize-url@^4.1.0":
  "version" "4.5.1"

"oauth-sign@~0.9.0":
  "version" "0.9.0"

"object-assign@^4.0.1", "object-assign@^4.1.1":
  "version" "4.1.1"

"object-inspect@^1.9.0":
  "version" "1.12.0"

"on-finished@^2.3.0":
  "version" "2.4.1"
  dependencies:
    "ee-first" "1.1.1"

"once@^1.3.0", "once@^1.3.1", "once@^1.4.0":
  "version" "1.4.0"
  dependencies:
    "wrappy" "1"

"onetime@^5.1.2":
  "version" "5.1.2"
  dependencies:
    "mimic-fn" "^2.1.0"

"only@~0.0.2":
  "version" "0.0.2"

"p-cancelable@^1.0.0":
  "version" "1.1.0"

"p-limit@^2.0.0":
  "version" "2.3.0"
  dependencies:
    "p-try" "^2.0.0"

"p-locate@^3.0.0":
  "version" "3.0.0"
  dependencies:
    "p-limit" "^2.0.0"

"p-map@^2.1.0":
  "version" "2.1.0"

"p-try@^2.0.0":
  "version" "2.2.0"

"package-json@^6.3.0":
  "version" "6.5.0"
  dependencies:
    "got" "^9.6.0"
    "registry-auth-token" "^4.0.0"
    "registry-url" "^5.0.0"
    "semver" "^6.2.0"

"packet-reader@1.0.0":
  "version" "1.0.0"

"parseurl@^1.3.2":
  "version" "1.3.3"

"passthrough-counter@^1.0.0":
  "version" "1.0.0"

"path-exists@^3.0.0":
  "version" "3.0.0"

"path-is-absolute@^1.0.0", "path-is-absolute@1.0.1":
  "version" "1.0.1"

"path-key@^3.1.0":
  "version" "3.1.1"

"path-parse@^1.0.7":
  "version" "1.0.7"

"path-to-regexp@^6.1.0":
  "version" "6.2.0"

"performance-now@^2.1.0":
  "version" "2.1.0"

"pg-connection-string@^2.5.0":
  "version" "2.5.0"

"pg-int8@1.0.1":
  "version" "1.0.1"

"pg-pool@^3.5.1":
  "version" "3.5.1"

"pg-protocol@^1.5.0":
  "version" "1.5.0"

"pg-types@^2.1.0":
  "version" "2.2.0"
  dependencies:
    "pg-int8" "1.0.1"
    "postgres-array" "~2.0.0"
    "postgres-bytea" "~1.0.0"
    "postgres-date" "~1.0.4"
    "postgres-interval" "^1.1.0"

"pg@^8.2.1", "pg@>=8.0":
  "version" "8.7.3"
  dependencies:
    "buffer-writer" "2.0.0"
    "packet-reader" "1.0.0"
    "pg-connection-string" "^2.5.0"
    "pg-pool" "^3.5.1"
    "pg-protocol" "^1.5.0"
    "pg-types" "^2.1.0"
    "pgpass" "1.x"

"pgpass@1.x":
  "version" "1.0.5"
  dependencies:
    "split2" "^4.1.0"

"picomatch@^2.0.4", "picomatch@^2.2.1":
  "version" "2.3.1"

"pify@^4.0.1":
  "version" "4.0.1"

"pkg-up@^3.1.0":
  "version" "3.1.0"
  dependencies:
    "find-up" "^3.0.0"

"postgres-array@~2.0.0":
  "version" "2.0.0"

"postgres-bytea@~1.0.0":
  "version" "1.0.0"

"postgres-date@~1.0.4":
  "version" "1.0.7"

"postgres-interval@^1.1.0":
  "version" "1.2.0"
  dependencies:
    "xtend" "^4.0.0"

"prepend-http@^2.0.0":
  "version" "2.0.0"

"pretty@^2.0.0":
  "version" "2.0.0"
  dependencies:
    "condense-newlines" "^0.2.1"
    "extend-shallow" "^2.0.1"
    "js-beautify" "^1.6.12"

"prisma@*", "prisma@^3.13.0":
  "integrity" "sha512-oO1auBnBtieGdiN+57IgsA9Vr7Sy4HkILi1KSaUG4mpKfEbnkTGnLOxAqjLed+K2nsG/GtE1tJBtB7JxN1a78Q=="
  "resolved" "https://registry.npmmirror.com/prisma/-/prisma-3.13.0.tgz"
  "version" "3.13.0"
  dependencies:
    "@prisma/engines" "3.13.0-17.efdf9b1183dddfd4258cd181a72125755215ab7b"
    "ts-pattern" "^4.0.1"

"promise@^7.0.1":
  "version" "7.3.1"
  dependencies:
    "asap" "~2.0.3"

"proto-list@~1.2.1":
  "version" "1.2.4"

"pseudomap@^1.0.2":
  "version" "1.0.2"

"psl@^1.1.28":
  "version" "1.8.0"

"pstree.remy@^1.1.8":
  "version" "1.1.8"

"pug-attrs@^3.0.0":
  "version" "3.0.0"
  dependencies:
    "constantinople" "^4.0.1"
    "js-stringify" "^1.0.2"
    "pug-runtime" "^3.0.0"

"pug-code-gen@^3.0.2":
  "version" "3.0.2"
  dependencies:
    "constantinople" "^4.0.1"
    "doctypes" "^1.1.0"
    "js-stringify" "^1.0.2"
    "pug-attrs" "^3.0.0"
    "pug-error" "^2.0.0"
    "pug-runtime" "^3.0.0"
    "void-elements" "^3.1.0"
    "with" "^7.0.0"

"pug-error@^2.0.0":
  "version" "2.0.0"

"pug-filters@^4.0.0":
  "version" "4.0.0"
  dependencies:
    "constantinople" "^4.0.1"
    "jstransformer" "1.0.0"
    "pug-error" "^2.0.0"
    "pug-walk" "^2.0.0"
    "resolve" "^1.15.1"

"pug-lexer@^5.0.1":
  "version" "5.0.1"
  dependencies:
    "character-parser" "^2.2.0"
    "is-expression" "^4.0.0"
    "pug-error" "^2.0.0"

"pug-linker@^4.0.0":
  "version" "4.0.0"
  dependencies:
    "pug-error" "^2.0.0"
    "pug-walk" "^2.0.0"

"pug-load@^3.0.0":
  "version" "3.0.0"
  dependencies:
    "object-assign" "^4.1.1"
    "pug-walk" "^2.0.0"

"pug-parser@^6.0.0":
  "version" "6.0.0"
  dependencies:
    "pug-error" "^2.0.0"
    "token-stream" "1.0.0"

"pug-runtime@^3.0.0", "pug-runtime@^3.0.1":
  "version" "3.0.1"

"pug-strip-comments@^2.0.0":
  "version" "2.0.0"
  dependencies:
    "pug-error" "^2.0.0"

"pug-walk@^2.0.0":
  "version" "2.0.0"

"pug@^3.0.0":
  "version" "3.0.2"
  dependencies:
    "pug-code-gen" "^3.0.2"
    "pug-filters" "^4.0.0"
    "pug-lexer" "^5.0.1"
    "pug-linker" "^4.0.0"
    "pug-load" "^3.0.0"
    "pug-parser" "^6.0.0"
    "pug-runtime" "^3.0.1"
    "pug-strip-comments" "^2.0.0"

"pump@^3.0.0":
  "version" "3.0.0"
  dependencies:
    "end-of-stream" "^1.1.0"
    "once" "^1.3.1"

"punycode@^2.1.0", "punycode@^2.1.1":
  "version" "2.1.1"

"pupa@^2.1.1":
  "version" "2.1.1"
  dependencies:
    "escape-goat" "^2.0.0"

"qs@^6.4.0", "qs@^6.9.4":
  "version" "6.10.3"
  dependencies:
    "side-channel" "^1.0.4"

"qs@~6.5.2":
  "version" "6.5.3"

"raw-body@^2.2.0":
  "version" "2.5.1"
  dependencies:
    "bytes" "3.1.2"
    "http-errors" "2.0.0"
    "iconv-lite" "0.4.24"
    "unpipe" "1.0.0"

"rc@^1.2.8":
  "version" "1.2.8"
  dependencies:
    "deep-extend" "^0.6.0"
    "ini" "~1.3.0"
    "minimist" "^1.2.0"
    "strip-json-comments" "~2.0.1"

"readdirp@~3.6.0":
  "version" "3.6.0"
  dependencies:
    "picomatch" "^2.2.1"

"redis-commands@1.7.0":
  "version" "1.7.0"

"redis-errors@^1.0.0", "redis-errors@^1.2.0":
  "version" "1.2.0"

"redis-parser@^3.0.0":
  "version" "3.0.0"
  dependencies:
    "redis-errors" "^1.0.0"

"registry-auth-token@^4.0.0":
  "version" "4.2.1"
  dependencies:
    "rc" "^1.2.8"

"registry-url@^5.0.0":
  "version" "5.1.0"
  dependencies:
    "rc" "^1.2.8"

"request@^2.88.2":
  "version" "2.88.2"
  dependencies:
    "aws-sign2" "~0.7.0"
    "aws4" "^1.8.0"
    "caseless" "~0.12.0"
    "combined-stream" "~1.0.6"
    "extend" "~3.0.2"
    "forever-agent" "~0.6.1"
    "form-data" "~2.3.2"
    "har-validator" "~5.1.3"
    "http-signature" "~1.2.0"
    "is-typedarray" "~1.0.0"
    "isstream" "~0.1.2"
    "json-stringify-safe" "~5.0.1"
    "mime-types" "~2.1.19"
    "oauth-sign" "~0.9.0"
    "performance-now" "^2.1.0"
    "qs" "~6.5.2"
    "safe-buffer" "^5.1.2"
    "tough-cookie" "~2.5.0"
    "tunnel-agent" "^0.6.0"
    "uuid" "^3.3.2"

"require-from-string@^2.0.2":
  "version" "2.0.2"

"resolve-path@^1.4.0":
  "version" "1.4.0"
  dependencies:
    "http-errors" "~1.6.2"
    "path-is-absolute" "1.0.1"

"resolve@^1.15.1":
  "version" "1.22.0"
  dependencies:
    "is-core-module" "^2.8.1"
    "path-parse" "^1.0.7"
    "supports-preserve-symlinks-flag" "^1.0.0"

"responselike@^1.0.2":
  "version" "1.0.2"
  dependencies:
    "lowercase-keys" "^1.0.0"

"safe-buffer@^5.0.1", "safe-buffer@^5.1.2", "safe-buffer@5.2.1":
  "version" "5.2.1"

"safer-buffer@^2.0.2", "safer-buffer@^2.1.0", "safer-buffer@>= 2.1.2 < 3", "safer-buffer@~2.1.0":
  "version" "2.1.2"

"sax@>=0.6.0":
  "version" "1.2.4"

"semver-diff@^3.1.1":
  "version" "3.1.1"
  dependencies:
    "semver" "^6.3.0"

"semver@^5.6.0", "semver@^5.7.1":
  "version" "5.7.1"

"semver@^6.0.0":
  "version" "6.3.0"

"semver@^6.2.0":
  "version" "6.3.0"

"semver@^6.3.0":
  "version" "6.3.0"

"semver@^7.3.4":
  "version" "7.3.5"
  dependencies:
    "lru-cache" "^6.0.0"

"setprototypeof@1.1.0":
  "version" "1.1.0"

"setprototypeof@1.2.0":
  "version" "1.2.0"

"shebang-command@^2.0.0":
  "version" "2.0.0"
  dependencies:
    "shebang-regex" "^3.0.0"

"shebang-regex@^3.0.0":
  "version" "3.0.0"

"side-channel@^1.0.4":
  "version" "1.0.4"
  dependencies:
    "call-bind" "^1.0.0"
    "get-intrinsic" "^1.0.2"
    "object-inspect" "^1.9.0"

"sigmund@^1.0.1":
  "version" "1.0.1"

"signal-exit@^3.0.2":
  "version" "3.0.7"

"split2@^4.1.0":
  "version" "4.1.0"

"sshpk@^1.7.0":
  "version" "1.17.0"
  dependencies:
    "asn1" "~0.2.3"
    "assert-plus" "^1.0.0"
    "bcrypt-pbkdf" "^1.0.0"
    "dashdash" "^1.12.0"
    "ecc-jsbn" "~0.1.1"
    "getpass" "^0.1.1"
    "jsbn" "~0.1.0"
    "safer-buffer" "^2.0.2"
    "tweetnacl" "~0.14.0"

"standard-as-callback@^2.1.0":
  "version" "2.1.0"

"statuses@^1.5.0", "statuses@>= 1.4.0 < 2", "statuses@>= 1.5.0 < 2":
  "version" "1.5.0"

"statuses@2.0.1":
  "version" "2.0.1"

"stream-wormhole@^1.1.0":
  "version" "1.1.0"

"string-width@^4.0.0", "string-width@^4.1.0", "string-width@^4.2.2":
  "version" "4.2.3"
  dependencies:
    "emoji-regex" "^8.0.0"
    "is-fullwidth-code-point" "^3.0.0"
    "strip-ansi" "^6.0.1"

"strip-ansi@^6.0.0", "strip-ansi@^6.0.1":
  "version" "6.0.1"
  dependencies:
    "ansi-regex" "^5.0.1"

"strip-json-comments@~2.0.1":
  "version" "2.0.1"

"supports-color@^5.3.0", "supports-color@^5.5.0":
  "version" "5.5.0"
  dependencies:
    "has-flag" "^3.0.0"

"supports-color@^7.1.0":
  "version" "7.2.0"
  dependencies:
    "has-flag" "^4.0.0"

"supports-preserve-symlinks-flag@^1.0.0":
  "version" "1.0.0"

"thenify-all@^1.0.0":
  "version" "1.6.0"
  dependencies:
    "thenify" ">= 3.1.0 < 4"

"thenify@>= 3.1.0 < 4":
  "version" "3.3.1"
  dependencies:
    "any-promise" "^1.0.0"

"to-fast-properties@^2.0.0":
  "version" "2.0.0"

"to-readable-stream@^1.0.0":
  "version" "1.0.0"

"to-regex-range@^5.0.1":
  "version" "5.0.1"
  dependencies:
    "is-number" "^7.0.0"

"toidentifier@1.0.1":
  "version" "1.0.1"

"token-stream@1.0.0":
  "version" "1.0.0"

"touch@^3.1.0":
  "version" "3.1.0"
  dependencies:
    "nopt" "~1.0.10"

"tough-cookie@~2.5.0":
  "version" "2.5.0"
  dependencies:
    "psl" "^1.1.28"
    "punycode" "^2.1.1"

"ts-pattern@^4.0.1":
  "integrity" "sha512-eHqR/7A6fcw05vCOfnL6RwgGJbVi9G/YHTdYdjYmElhDdJ1SMn7pWs+6+YuxygaFwQS/g+cIDlu+UD8IVpur1A=="
  "resolved" "https://registry.npmmirror.com/ts-pattern/-/ts-pattern-4.0.2.tgz"
  "version" "4.0.2"

"tsscmp@1.0.6":
  "version" "1.0.6"

"tunnel-agent@^0.6.0":
  "version" "0.6.0"
  dependencies:
    "safe-buffer" "^5.0.1"

"tweetnacl@^0.14.3", "tweetnacl@~0.14.0":
  "version" "0.14.5"

"type-fest@^0.20.2":
  "version" "0.20.2"

"type-is@^1.6.14", "type-is@^1.6.16":
  "version" "1.6.18"
  dependencies:
    "media-typer" "0.3.0"
    "mime-types" "~2.1.24"

"typedarray-to-buffer@^3.1.5":
  "version" "3.1.5"
  dependencies:
    "is-typedarray" "^1.0.0"

"undefsafe@^2.0.5":
  "version" "2.0.5"

"unique-string@^2.0.0":
  "version" "2.0.0"
  dependencies:
    "crypto-random-string" "^2.0.0"

"unpipe@1.0.0":
  "version" "1.0.0"

"update-notifier@^5.1.0":
  "version" "5.1.0"
  dependencies:
    "boxen" "^5.0.0"
    "chalk" "^4.1.0"
    "configstore" "^5.0.1"
    "has-yarn" "^2.1.0"
    "import-lazy" "^2.1.0"
    "is-ci" "^2.0.0"
    "is-installed-globally" "^0.4.0"
    "is-npm" "^5.0.0"
    "is-yarn-global" "^0.3.0"
    "latest-version" "^5.1.0"
    "pupa" "^2.1.1"
    "semver" "^7.3.4"
    "semver-diff" "^3.1.1"
    "xdg-basedir" "^4.0.0"

"uri-js@^4.2.2":
  "version" "4.4.1"
  dependencies:
    "punycode" "^2.1.0"

"url-parse-lax@^3.0.0":
  "version" "3.0.0"
  dependencies:
    "prepend-http" "^2.0.0"

"uuid@^3.3.2":
  "version" "3.4.0"

"vary@^1.1.2":
  "version" "1.1.2"

"verror@1.10.0":
  "version" "1.10.0"
  dependencies:
    "assert-plus" "^1.0.0"
    "core-util-is" "1.0.2"
    "extsprintf" "^1.2.0"

"void-elements@^3.1.0":
  "version" "3.1.0"

"which@^2.0.1":
  "version" "2.0.2"
  dependencies:
    "isexe" "^2.0.0"

"widest-line@^3.1.0":
  "version" "3.1.0"
  dependencies:
    "string-width" "^4.0.0"

"with@^7.0.0":
  "version" "7.0.2"
  dependencies:
    "@babel/parser" "^7.9.6"
    "@babel/types" "^7.9.6"
    "assert-never" "^1.2.1"
    "babel-walk" "3.0.0-canary-5"

"wrap-ansi@^7.0.0":
  "version" "7.0.0"
  dependencies:
    "ansi-styles" "^4.0.0"
    "string-width" "^4.1.0"
    "strip-ansi" "^6.0.0"

"wrappy@1":
  "version" "1.0.2"

"write-file-atomic@^3.0.0":
  "version" "3.0.3"
  dependencies:
    "imurmurhash" "^0.1.4"
    "is-typedarray" "^1.0.0"
    "signal-exit" "^3.0.2"
    "typedarray-to-buffer" "^3.1.5"

"xdg-basedir@^4.0.0":
  "version" "4.0.0"

"xml2js@^0.4.19":
  "version" "0.4.23"
  dependencies:
    "sax" ">=0.6.0"
    "xmlbuilder" "~11.0.0"

"xmlbuilder@~11.0.0":
  "version" "11.0.1"

"xtend@^4.0.0":
  "version" "4.0.2"

"yallist@^2.1.2":
  "version" "2.1.2"

"yallist@^4.0.0":
  "version" "4.0.0"

"ylru@^1.2.0":
  "version" "1.3.2"
